
Microsoft Visual Studio Solution File, Format Version 12.00
# Visual Studio Version 17
VisualStudioVersion = 17.3.32929.385
MinimumVisualStudioVersion = 10.0.40219.1
Project("{FAE04EC0-301F-11D3-BF4B-00C04F79EFBC}") = "ISBolnicaBL", "ISBolnicaBL\ISBolnicaBL.csproj", "{60E357A5-DE2E-434E-87E4-AF5E20F755CA}"
EndProject
Project("{FAE04EC0-301F-11D3-BF4B-00C04F79EFBC}") = "ISBolnicaDAL", "ISBolnicaDAL\ISBolnicaDAL.csproj", "{348DFE02-0D75-4078-9458-A0E332AD1880}"
EndProject
Global
	GlobalSection(SolutionConfigurationPlatforms) = preSolution
		Debug|Any CPU = Debug|Any CPU
		Release|Any CPU = Release|Any CPU
	EndGlobalSection
	GlobalSection(ProjectConfigurationPlatforms) = postSolution
		{60E357A5-DE2E-434E-87E4-AF5E20F755CA}.Debug|Any CPU.ActiveCfg = Debug|Any CPU
		{60E357A5-DE2E-434E-87E4-AF5E20F755CA}.Debug|Any CPU.Build.0 = Debug|Any CPU
		{60E357A5-DE2E-434E-87E4-AF5E20F755CA}.Release|Any CPU.ActiveCfg = Release|Any CPU
		{60E357A5-DE2E-434E-87E4-AF5E20F755CA}.Release|Any CPU.Build.0 = Release|Any CPU
		{348DFE02-0D75-4078-9458-A0E332AD1880}.Debug|Any CPU.ActiveCfg = Debug|Any CPU
		{348DFE02-0D75-4078-9458-A0E332AD1880}.Debug|Any CPU.Build.0 = Debug|Any CPU
		{348DFE02-0D75-4078-9458-A0E332AD1880}.Release|Any CPU.ActiveCfg = Release|Any CPU
		{348DFE02-0D75-4078-9458-A0E332AD1880}.Release|Any CPU.Build.0 = Release|Any CPU
	EndGlobalSection
	GlobalSection(SolutionProperties) = preSolution
		HideSolutionNode = FALSE
	EndGlobalSection
	GlobalSection(ExtensibilityGlobals) = postSolution
		SolutionGuid = {C3A26311-D685-4B40-9C1E-B7EE503ACAD9}
	EndGlobalSection
EndGlobal
